{
    "_meta": {
        "hash": {
            "sha256": "afea80e85e2bbeda26d7dc7298d416ae69a8b6368f3a7c8df48290fb68b82dbc"
        },
        "pipfile-spec": 6,
        "requires": {
            "python_version": "3.10"
        },
        "sources": [
            {
                "name": "pypi",
                "url": "https://pypi.org/simple",
                "verify_ssl": true
            }
        ]
    },
    "default": {
        "asgiref": {
            "hashes": [
                "sha256:1d2880b792ae8757289136f1db2b7b99100ce959b2aa57fd69dab783d05afac4",
                "sha256:4a29362a6acebe09bf1d6640db38c1dc3d9217c68e6f9f6204d72667fc19a424"
            ],
            "markers": "python_version >= '3.7'",
            "version": "==3.5.2"
        },
        "django": {
            "hashes": [
                "sha256:59304646ebc6a77b9b6a59adc67d51ecb03c5e3d63ed1f14c909cdfda84e8010",
                "sha256:d5a8a14da819a8b9237ee4d8c78dfe056ff6e8a7511987be627192225113ee75"
            ],
            "index": "pypi",
            "version": "==4.0"
        },
        "docutils": {
            "hashes": [
                "sha256:23010f129180089fbcd3bc08cfefccb3b890b0050e1ca00c867036e9d161b98c",
                "sha256:679987caf361a7539d76e584cbeddc311e3aee937877c87346f31debc63e9d06"
            ],
            "index": "pypi",
            "version": "==0.18.1"
        },
        "gunicorn": {
            "hashes": [
                "sha256:9dcc4547dbb1cb284accfb15ab5667a0e5d1881cc443e0677b4882a4067a807e",
                "sha256:e0a968b5ba15f8a328fdfd7ab1fcb5af4470c28aaf7e55df02a99bc13138e6e8"
            ],
            "index": "pypi",
            "version": "==20.1.0"
        },
        "setuptools": {
            "hashes": [
                "sha256:990a4f7861b31532871ab72331e755b5f14efbe52d336ea7f6118144dd478741",
                "sha256:c1848f654aea2e3526d17fc3ce6aeaa5e7e24e66e645b5be2171f3f6b4e5a178"
            ],
            "markers": "python_version >= '3.7'",
            "version": "==62.6.0"
        },
        "sqlparse": {
            "hashes": [
                "sha256:0c00730c74263a94e5a9919ade150dfc3b19c574389985446148402998287dae",
                "sha256:48719e356bb8b42991bdbb1e8b83223757b93789c00910a616a071910ca4a64d"
            ],
            "markers": "python_version >= '3.5'",
            "version": "==0.4.2"
        },
        "tzdata": {
            "hashes": [
                "sha256:238e70234214138ed7b4e8a0fab0e5e13872edab3be586ab8198c407620e2ab9",
                "sha256:8b536a8ec63dc0751342b3984193a3118f8fca2afe25752bb9b7fffd398552d3"
            ],
            "markers": "sys_platform == 'win32'",
            "version": "==2022.1"
        },
        "whitenoise": {
            "hashes": [
                "sha256:2067fe9008a3cd7d0d75f75c9240b54f5f59996ca285cbeab18fc1e89949e30d",
                "sha256:6ccc6d1ad6fb688a398ea65d97db47f018ea0be7da75e146e8f2e837a04ba590"
            ],
            "index": "pypi",
            "version": "==6.1.0"
        }
    },
    "develop": {}
}
